// !$*UTF8*$!
{
	archiveVersion = 1;
	classes = {
	};
	objectVersion = 46;
	objects = {

/* Begin PBXBuildFile section */
		2D435777165345B200CE7523 /* NetworkActivityManager.m in Sources */ = {isa = PBXBuildFile; fileRef = 2D435776165345B200CE7523 /* NetworkActivityManager.m */; };
		2D4357851653638300CE7523 /* libNendAd.a in Frameworks */ = {isa = PBXBuildFile; fileRef = 2D4357821653638300CE7523 /* libNendAd.a */; };
		2D4357861653638300CE7523 /* libNendAd_readme.txt in Resources */ = {isa = PBXBuildFile; fileRef = 2D4357831653638300CE7523 /* libNendAd_readme.txt */; };
		2D7CC0D9165611A10011BE20 /* douou.csv in Resources */ = {isa = PBXBuildFile; fileRef = 2D7CC0D8165611A10011BE20 /* douou.csv */; };
		2D803F561654B05C00A56730 /* Balloon.png in Resources */ = {isa = PBXBuildFile; fileRef = 2D803F4E1654B05C00A56730 /* Balloon.png */; };
		2D803F571654B05C00A56730 /* Balloon@2x.png in Resources */ = {isa = PBXBuildFile; fileRef = 2D803F4F1654B05C00A56730 /* Balloon@2x.png */; };
		2D803F581654B05C00A56730 /* FormatBullets.png in Resources */ = {isa = PBXBuildFile; fileRef = 2D803F501654B05C00A56730 /* FormatBullets.png */; };
		2D803F591654B05C00A56730 /* FormatBullets@2x.png in Resources */ = {isa = PBXBuildFile; fileRef = 2D803F511654B05C00A56730 /* FormatBullets@2x.png */; };
		2D803F5A1654B05C00A56730 /* Heart.png in Resources */ = {isa = PBXBuildFile; fileRef = 2D803F521654B05C00A56730 /* Heart.png */; };
		2D803F5B1654B05C00A56730 /* Heart@2x.png in Resources */ = {isa = PBXBuildFile; fileRef = 2D803F531654B05C00A56730 /* Heart@2x.png */; };
		2D803F5C1654B05C00A56730 /* Information.png in Resources */ = {isa = PBXBuildFile; fileRef = 2D803F541654B05C00A56730 /* Information.png */; };
		2D803F5D1654B05C00A56730 /* Information@2x.png in Resources */ = {isa = PBXBuildFile; fileRef = 2D803F551654B05C00A56730 /* Information@2x.png */; };
		F54ED63B1633B77400F0ED00 /* UIKit.framework in Frameworks */ = {isa = PBXBuildFile; fileRef = F54ED63A1633B77400F0ED00 /* UIKit.framework */; };
		F54ED63D1633B77400F0ED00 /* Foundation.framework in Frameworks */ = {isa = PBXBuildFile; fileRef = F54ED63C1633B77400F0ED00 /* Foundation.framework */; };
		F54ED63F1633B77400F0ED00 /* CoreGraphics.framework in Frameworks */ = {isa = PBXBuildFile; fileRef = F54ED63E1633B77400F0ED00 /* CoreGraphics.framework */; };
		F54ED6451633B77400F0ED00 /* InfoPlist.strings in Resources */ = {isa = PBXBuildFile; fileRef = F54ED6431633B77400F0ED00 /* InfoPlist.strings */; };
		F54ED6471633B77400F0ED00 /* main.m in Sources */ = {isa = PBXBuildFile; fileRef = F54ED6461633B77400F0ED00 /* main.m */; };
		F54ED64B1633B77400F0ED00 /* AppDelegate.m in Sources */ = {isa = PBXBuildFile; fileRef = F54ED64A1633B77400F0ED00 /* AppDelegate.m */; };
		F54ED6711633B84D00F0ED00 /* AreaListViewController.m in Sources */ = {isa = PBXBuildFile; fileRef = F54ED66F1633B84D00F0ED00 /* AreaListViewController.m */; };
		F54ED6721633B84D00F0ED00 /* AreaListViewController.xib in Resources */ = {isa = PBXBuildFile; fileRef = F54ED6701633B84D00F0ED00 /* AreaListViewController.xib */; };
		F54ED6761633B91800F0ED00 /* SnotterTweetListViewController.m in Sources */ = {isa = PBXBuildFile; fileRef = F54ED6741633B91800F0ED00 /* SnotterTweetListViewController.m */; };
		F54ED6771633B91800F0ED00 /* SnotterTweetListViewController.xib in Resources */ = {isa = PBXBuildFile; fileRef = F54ED6751633B91800F0ED00 /* SnotterTweetListViewController.xib */; };
		F54ED67B1633B99000F0ED00 /* FavoriteListViewController.m in Sources */ = {isa = PBXBuildFile; fileRef = F54ED6791633B99000F0ED00 /* FavoriteListViewController.m */; };
		F54ED67C1633B99000F0ED00 /* FavoriteListViewController.xib in Resources */ = {isa = PBXBuildFile; fileRef = F54ED67A1633B99000F0ED00 /* FavoriteListViewController.xib */; };
		F54ED6801633BAA900F0ED00 /* OfficialTweetListViewController.m in Sources */ = {isa = PBXBuildFile; fileRef = F54ED67E1633BAA900F0ED00 /* OfficialTweetListViewController.m */; };
		F54ED6811633BAA900F0ED00 /* OfficialTweetListViewController.xib in Resources */ = {isa = PBXBuildFile; fileRef = F54ED67F1633BAA900F0ED00 /* OfficialTweetListViewController.xib */; };
		F54ED6851633BD3100F0ED00 /* TimeLineViewController.m in Sources */ = {isa = PBXBuildFile; fileRef = F54ED6831633BD3100F0ED00 /* TimeLineViewController.m */; };
		F54ED6861633BD3100F0ED00 /* TimeLineViewController.xib in Resources */ = {isa = PBXBuildFile; fileRef = F54ED6841633BD3100F0ED00 /* TimeLineViewController.xib */; };
		F54ED68B1633BFFE00F0ED00 /* SettingViewController.m in Sources */ = {isa = PBXBuildFile; fileRef = F54ED6891633BFFD00F0ED00 /* SettingViewController.m */; };
		F54ED68C1633BFFE00F0ED00 /* SettingViewController.xib in Resources */ = {isa = PBXBuildFile; fileRef = F54ED68A1633BFFE00F0ED00 /* SettingViewController.xib */; };
		F54ED68F1633D23100F0ED00 /* TwitterManager.m in Sources */ = {isa = PBXBuildFile; fileRef = F54ED68E1633D23100F0ED00 /* TwitterManager.m */; };
		F54ED6931633DAD500F0ED00 /* TwitterAccountsViewController.m in Sources */ = {isa = PBXBuildFile; fileRef = F54ED6911633DAD500F0ED00 /* TwitterAccountsViewController.m */; };
		F54ED6941633DAD500F0ED00 /* TwitterAccountsViewController.xib in Resources */ = {isa = PBXBuildFile; fileRef = F54ED6921633DAD500F0ED00 /* TwitterAccountsViewController.xib */; };
		F54ED6961633DAF400F0ED00 /* Twitter.framework in Frameworks */ = {isa = PBXBuildFile; fileRef = F54ED6951633DAF400F0ED00 /* Twitter.framework */; };
		F54ED6981633DAFD00F0ED00 /* Accounts.framework in Frameworks */ = {isa = PBXBuildFile; fileRef = F54ED6971633DAFC00F0ED00 /* Accounts.framework */; };
		F54ED69F1633E03A00F0ED00 /* TweetStatus.m in Sources */ = {isa = PBXBuildFile; fileRef = F54ED69E1633E03A00F0ED00 /* TweetStatus.m */; };
		F54ED6AA16340F7F00F0ED00 /* TweetCell.m in Sources */ = {isa = PBXBuildFile; fileRef = F54ED6A916340F7D00F0ED00 /* TweetCell.m */; };
		F54ED6AE16340FB400F0ED00 /* TweetCell.xib in Resources */ = {isa = PBXBuildFile; fileRef = F54ED6AD16340FB300F0ED00 /* TweetCell.xib */; };
		F54ED6B516341AB700F0ED00 /* UIAsyncImageView.m in Sources */ = {isa = PBXBuildFile; fileRef = F54ED6B416341AB600F0ED00 /* UIAsyncImageView.m */; };
		F54ED6B816341AD200F0ED00 /* ImageCache.m in Sources */ = {isa = PBXBuildFile; fileRef = F54ED6B716341ACF00F0ED00 /* ImageCache.m */; };
		F54ED6BF163429A900F0ED00 /* ListsViewController.m in Sources */ = {isa = PBXBuildFile; fileRef = F54ED6BE163429A800F0ED00 /* ListsViewController.m */; };
		F56936ED163982FD001B7067 /* EGORefreshTableHeaderView.m in Sources */ = {isa = PBXBuildFile; fileRef = F56936EC163982FD001B7067 /* EGORefreshTableHeaderView.m */; settings = {COMPILER_FLAGS = "-fno-objc-arc"; }; };
		F56936F01639838F001B7067 /* QuartzCore.framework in Frameworks */ = {isa = PBXBuildFile; fileRef = F56936EF1639838F001B7067 /* QuartzCore.framework */; };
		F56936FA16398835001B7067 /* blackArrow.png in Resources */ = {isa = PBXBuildFile; fileRef = F56936F216398835001B7067 /* blackArrow.png */; };
		F56936FB16398835001B7067 /* blackArrow@2x.png in Resources */ = {isa = PBXBuildFile; fileRef = F56936F316398835001B7067 /* blackArrow@2x.png */; };
		F56936FC16398835001B7067 /* blueArrow.png in Resources */ = {isa = PBXBuildFile; fileRef = F56936F416398835001B7067 /* blueArrow.png */; };
		F56936FD16398835001B7067 /* blueArrow@2x.png in Resources */ = {isa = PBXBuildFile; fileRef = F56936F516398835001B7067 /* blueArrow@2x.png */; };
		F56936FE16398835001B7067 /* grayArrow.png in Resources */ = {isa = PBXBuildFile; fileRef = F56936F616398835001B7067 /* grayArrow.png */; };
		F56936FF16398835001B7067 /* grayArrow@2x.png in Resources */ = {isa = PBXBuildFile; fileRef = F56936F716398835001B7067 /* grayArrow@2x.png */; };
		F569370016398835001B7067 /* whiteArrow.png in Resources */ = {isa = PBXBuildFile; fileRef = F56936F816398835001B7067 /* whiteArrow.png */; };
		F569370116398835001B7067 /* whiteArrow@2x.png in Resources */ = {isa = PBXBuildFile; fileRef = F56936F916398835001B7067 /* whiteArrow@2x.png */; };
		F5954FCE16462296006F4D69 /* WebBrowserViewController.m in Sources */ = {isa = PBXBuildFile; fileRef = F5954FCC16462295006F4D69 /* WebBrowserViewController.m */; };
		F5954FCF16462296006F4D69 /* WebBrowserViewController.xib in Resources */ = {isa = PBXBuildFile; fileRef = F5954FCD16462296006F4D69 /* WebBrowserViewController.xib */; };
		F5954FD7164624C6006F4D69 /* SVProgressHUD.m in Sources */ = {isa = PBXBuildFile; fileRef = F5954FD6164624C6006F4D69 /* SVProgressHUD.m */; };
		F5954FDD16464246006F4D69 /* SearchViewController.m in Sources */ = {isa = PBXBuildFile; fileRef = F5954FDC16464243006F4D69 /* SearchViewController.m */; };
		F595500316465067006F4D69 /* akita.csv in Resources */ = {isa = PBXBuildFile; fileRef = F5954FE416465067006F4D69 /* akita.csv */; };
		F595500416465067006F4D69 /* aomori.csv in Resources */ = {isa = PBXBuildFile; fileRef = F5954FE516465067006F4D69 /* aomori.csv */; };
		F595500616465067006F4D69 /* douhoku.csv in Resources */ = {isa = PBXBuildFile; fileRef = F5954FE716465067006F4D69 /* douhoku.csv */; };
		F595500716465067006F4D69 /* doutou.csv in Resources */ = {isa = PBXBuildFile; fileRef = F5954FE816465067006F4D69 /* doutou.csv */; };
		F595500816465067006F4D69 /* fuji.csv in Resources */ = {isa = PBXBuildFile; fileRef = F5954FE916465067006F4D69 /* fuji.csv */; };
		F595500916465067006F4D69 /* hakuba.csv in Resources */ = {isa = PBXBuildFile; fileRef = F5954FEA16465067006F4D69 /* hakuba.csv */; };
		F595500A16465067006F4D69 /* hida.csv in Resources */ = {isa = PBXBuildFile; fileRef = F5954FEB16465067006F4D69 /* hida.csv */; };
		F595500B16465067006F4D69 /* hukui.csv in Resources */ = {isa = PBXBuildFile; fileRef = F5954FEC16465067006F4D69 /* hukui.csv */; };
		F595500C16465067006F4D69 /* hukushima.csv in Resources */ = {isa = PBXBuildFile; fileRef = F5954FED16465067006F4D69 /* hukushima.csv */; };
		F595500D16465067006F4D69 /* hyougo.csv in Resources */ = {isa = PBXBuildFile; fileRef = F5954FEE16465067006F4D69 /* hyougo.csv */; };
		F595500E16465067006F4D69 /* ishikawa.csv in Resources */ = {isa = PBXBuildFile; fileRef = F5954FEF16465067006F4D69 /* ishikawa.csv */; };
		F595500F16465067006F4D69 /* iwate.csv in Resources */ = {isa = PBXBuildFile; fileRef = F5954FF016465067006F4D69 /* iwate.csv */; };
		F595501016465067006F4D69 /* jouetsu.csv in Resources */ = {isa = PBXBuildFile; fileRef = F5954FF116465067006F4D69 /* jouetsu.csv */; };
		F595501116465067006F4D69 /* kanagawa.csv in Resources */ = {isa = PBXBuildFile; fileRef = F5954FF216465067006F4D69 /* kanagawa.csv */; };
		F595501216465067006F4D69 /* karuizawa.csv in Resources */ = {isa = PBXBuildFile; fileRef = F5954FF316465067006F4D69 /* karuizawa.csv */; };
		F595501316465067006F4D69 /* kusatsu.csv in Resources */ = {isa = PBXBuildFile; fileRef = F5954FF416465067006F4D69 /* kusatsu.csv */; };
		F595501416465067006F4D69 /* kyoto.csv in Resources */ = {isa = PBXBuildFile; fileRef = F5954FF516465067006F4D69 /* kyoto.csv */; };
		F595501516465067006F4D69 /* kyushu.csv in Resources */ = {isa = PBXBuildFile; fileRef = F5954FF616465067006F4D69 /* kyushu.csv */; };
		F595501616465067006F4D69 /* madarao.csv in Resources */ = {isa = PBXBuildFile; fileRef = F5954FF716465067006F4D69 /* madarao.csv */; };
		F595501716465067006F4D69 /* miyagi.csv in Resources */ = {isa = PBXBuildFile; fileRef = F5954FF816465067006F4D69 /* miyagi.csv */; };
		F595501816465067006F4D69 /* myoukou.csv in Resources */ = {isa = PBXBuildFile; fileRef = F5954FF916465067006F4D69 /* myoukou.csv */; };
		F595501916465067006F4D69 /* nasu.csv in Resources */ = {isa = PBXBuildFile; fileRef = F5954FFA16465067006F4D69 /* nasu.csv */; };
		F595501A16465067006F4D69 /* numata.csv in Resources */ = {isa = PBXBuildFile; fileRef = F5954FFB16465067006F4D69 /* numata.csv */; };
		F595501B16465067006F4D69 /* okayama.csv in Resources */ = {isa = PBXBuildFile; fileRef = F5954FFC16465067006F4D69 /* okayama.csv */; };
		F595501C16465067006F4D69 /* shiga.csv in Resources */ = {isa = PBXBuildFile; fileRef = F5954FFD16465067006F4D69 /* shiga.csv */; };
		F595501D16465067006F4D69 /* shigakougen.csv in Resources */ = {isa = PBXBuildFile; fileRef = F5954FFE16465067006F4D69 /* shigakougen.csv */; };
		F595501E16465067006F4D69 /* shikoku.csv in Resources */ = {isa = PBXBuildFile; fileRef = F5954FFF16465067006F4D69 /* shikoku.csv */; };
		F595501F16465067006F4D69 /* tottori.csv in Resources */ = {isa = PBXBuildFile; fileRef = F595500016465067006F4D69 /* tottori.csv */; };
		F595502016465067006F4D69 /* toyama.csv in Resources */ = {isa = PBXBuildFile; fileRef = F595500116465067006F4D69 /* toyama.csv */; };
		F595502116465067006F4D69 /* yamagata.csv in Resources */ = {isa = PBXBuildFile; fileRef = F595500216465067006F4D69 /* yamagata.csv */; };
		F59550231646583D006F4D69 /* MapKit.framework in Frameworks */ = {isa = PBXBuildFile; fileRef = F59550221646583D006F4D69 /* MapKit.framework */; };
		F595502516465892006F4D69 /* CoreLocation.framework in Frameworks */ = {isa = PBXBuildFile; fileRef = F595502416465891006F4D69 /* CoreLocation.framework */; };
		F5955028164658E8006F4D69 /* Gelande.m in Sources */ = {isa = PBXBuildFile; fileRef = F5955027164658E7006F4D69 /* Gelande.m */; };
		F595502C16466E75006F4D69 /* GelandeListViewController.m in Sources */ = {isa = PBXBuildFile; fileRef = F595502A16466E74006F4D69 /* GelandeListViewController.m */; };
		F595502D16466E75006F4D69 /* GelandeListViewController.xib in Resources */ = {isa = PBXBuildFile; fileRef = F595502B16466E74006F4D69 /* GelandeListViewController.xib */; };
		F59550311646722A006F4D69 /* GelandeTweetViewController.m in Sources */ = {isa = PBXBuildFile; fileRef = F595502F16467227006F4D69 /* GelandeTweetViewController.m */; };
		F59550321646722A006F4D69 /* GelandeTweetViewController.xib in Resources */ = {isa = PBXBuildFile; fileRef = F595503016467229006F4D69 /* GelandeTweetViewController.xib */; };
		F595503616467D06006F4D69 /* GelandeMapViewController.m in Sources */ = {isa = PBXBuildFile; fileRef = F595503416467D03006F4D69 /* GelandeMapViewController.m */; };
		F595503716467D06006F4D69 /* GelandeMapViewController.xib in Resources */ = {isa = PBXBuildFile; fileRef = F595503516467D04006F4D69 /* GelandeMapViewController.xib */; };
		F595503C1646C025006F4D69 /* Default-568h@2x.png in Resources */ = {isa = PBXBuildFile; fileRef = F59550391646C025006F4D69 /* Default-568h@2x.png */; };
		F595503D1646C025006F4D69 /* Default.png in Resources */ = {isa = PBXBuildFile; fileRef = F595503A1646C025006F4D69 /* Default.png */; };
		F595503E1646C025006F4D69 /* Default@2x.png in Resources */ = {isa = PBXBuildFile; fileRef = F595503B1646C025006F4D69 /* Default@2x.png */; };
		F59550411646C039006F4D69 /* icon.png in Resources */ = {isa = PBXBuildFile; fileRef = F595503F1646C039006F4D69 /* icon.png */; };
		F59550421646C039006F4D69 /* icon@2x.png in Resources */ = {isa = PBXBuildFile; fileRef = F59550401646C039006F4D69 /* icon@2x.png */; };
		F5C1D6B8164AA93700D519F1 /* libGoogleAnalytics.a in Frameworks */ = {isa = PBXBuildFile; fileRef = F5C1D6B6164AA93700D519F1 /* libGoogleAnalytics.a */; };
		F5C1D6BC164AA95B00D519F1 /* libsqlite3.0.dylib in Frameworks */ = {isa = PBXBuildFile; fileRef = F5C1D6BB164AA95B00D519F1 /* libsqlite3.0.dylib */; };
		F5C1D6BE164AA97100D519F1 /* Security.framework in Frameworks */ = {isa = PBXBuildFile; fileRef = F5C1D6BD164AA97100D519F1 /* Security.framework */; };
		F5C1D6C0164AA97B00D519F1 /* CFNetwork.framework in Frameworks */ = {isa = PBXBuildFile; fileRef = F5C1D6BF164AA97B00D519F1 /* CFNetwork.framework */; };
		F5C1D6C2164AA98500D519F1 /* iAd.framework in Frameworks */ = {isa = PBXBuildFile; fileRef = F5C1D6C1164AA98500D519F1 /* iAd.framework */; };
		F5F33302163D730A00C205E9 /* TweetViewController.m in Sources */ = {isa = PBXBuildFile; fileRef = F5F33300163D730900C205E9 /* TweetViewController.m */; };
		F5F33303163D730A00C205E9 /* TweetViewController.xib in Resources */ = {isa = PBXBuildFile; fileRef = F5F33301163D730900C205E9 /* TweetViewController.xib */; };
/* End PBXBuildFile section */

/* Begin PBXFileReference section */
		2D435775165345B200CE7523 /* NetworkActivityManager.h */ = {isa = PBXFileReference; fileEncoding = 4; lastKnownFileType = sourcecode.c.h; path = NetworkActivityManager.h; sourceTree = "<group>"; };
		2D435776165345B200CE7523 /* NetworkActivityManager.m */ = {isa = PBXFileReference; fileEncoding = 4; lastKnownFileType = sourcecode.c.objc; path = NetworkActivityManager.m; sourceTree = "<group>"; };
		2D4357821653638300CE7523 /* libNendAd.a */ = {isa = PBXFileReference; lastKnownFileType = archive.ar; path = libNendAd.a; sourceTree = "<group>"; };
		2D4357831653638300CE7523 /* libNendAd_readme.txt */ = {isa = PBXFileReference; fileEncoding = 4; lastKnownFileType = text; path = libNendAd_readme.txt; sourceTree = "<group>"; };
		2D4357841653638300CE7523 /* NADView.h */ = {isa = PBXFileReference; fileEncoding = 4; lastKnownFileType = sourcecode.c.h; path = NADView.h; sourceTree = "<group>"; };
		2D7CC0D8165611A10011BE20 /* douou.csv */ = {isa = PBXFileReference; fileEncoding = 4; lastKnownFileType = text; path = douou.csv; sourceTree = "<group>"; };
		2D803F4E1654B05C00A56730 /* Balloon.png */ = {isa = PBXFileReference; lastKnownFileType = image.png; path = Balloon.png; sourceTree = "<group>"; };
		2D803F4F1654B05C00A56730 /* Balloon@2x.png */ = {isa = PBXFileReference; lastKnownFileType = image.png; path = "Balloon@2x.png"; sourceTree = "<group>"; };
		2D803F501654B05C00A56730 /* FormatBullets.png */ = {isa = PBXFileReference; lastKnownFileType = image.png; path = FormatBullets.png; sourceTree = "<group>"; };
		2D803F511654B05C00A56730 /* FormatBullets@2x.png */ = {isa = PBXFileReference; lastKnownFileType = image.png; path = "FormatBullets@2x.png"; sourceTree = "<group>"; };
		2D803F521654B05C00A56730 /* Heart.png */ = {isa = PBXFileReference; lastKnownFileType = image.png; path = Heart.png; sourceTree = "<group>"; };
		2D803F531654B05C00A56730 /* Heart@2x.png */ = {isa = PBXFileReference; lastKnownFileType = image.png; path = "Heart@2x.png"; sourceTree = "<group>"; };
		2D803F541654B05C00A56730 /* Information.png */ = {isa = PBXFileReference; lastKnownFileType = image.png; path = Information.png; sourceTree = "<group>"; };
		2D803F551654B05C00A56730 /* Information@2x.png */ = {isa = PBXFileReference; lastKnownFileType = image.png; path = "Information@2x.png"; sourceTree = "<group>"; };
		F54ED6361633B77400F0ED00 /* Snotter.app */ = {isa = PBXFileReference; explicitFileType = wrapper.application; includeInIndex = 0; path = Snotter.app; sourceTree = BUILT_PRODUCTS_DIR; };
		F54ED63A1633B77400F0ED00 /* UIKit.framework */ = {isa = PBXFileReference; lastKnownFileType = wrapper.framework; name = UIKit.framework; path = System/Library/Frameworks/UIKit.framework; sourceTree = SDKROOT; };
		F54ED63C1633B77400F0ED00 /* Foundation.framework */ = {isa = PBXFileReference; lastKnownFileType = wrapper.framework; name = Foundation.framework; path = System/Library/Frameworks/Foundation.framework; sourceTree = SDKROOT; };
		F54ED63E1633B77400F0ED00 /* CoreGraphics.framework */ = {isa = PBXFileReference; lastKnownFileType = wrapper.framework; name = CoreGraphics.framework; path = System/Library/Frameworks/CoreGraphics.framework; sourceTree = SDKROOT; };
		F54ED6421633B77400F0ED00 /* Snotter-Info.plist */ = {isa = PBXFileReference; lastKnownFileType = text.plist.xml; path = "Snotter-Info.plist"; sourceTree = "<group>"; };
		F54ED6441633B77400F0ED00 /* en */ = {isa = PBXFileReference; lastKnownFileType = text.plist.strings; name = en; path = en.lproj/InfoPlist.strings; sourceTree = "<group>"; };
		F54ED6461633B77400F0ED00 /* main.m */ = {isa = PBXFileReference; lastKnownFileType = sourcecode.c.objc; path = main.m; sourceTree = "<group>"; };
		F54ED6481633B77400F0ED00 /* Snotter-Prefix.pch */ = {isa = PBXFileReference; lastKnownFileType = sourcecode.c.h; path = "Snotter-Prefix.pch"; sourceTree = "<group>"; };
		F54ED6491633B77400F0ED00 /* AppDelegate.h */ = {isa = PBXFileReference; lastKnownFileType = sourcecode.c.h; path = AppDelegate.h; sourceTree = "<group>"; };
		F54ED64A1633B77400F0ED00 /* AppDelegate.m */ = {isa = PBXFileReference; lastKnownFileType = sourcecode.c.objc; path = AppDelegate.m; sourceTree = "<group>"; };
		F54ED66E1633B84D00F0ED00 /* AreaListViewController.h */ = {isa = PBXFileReference; fileEncoding = 4; lastKnownFileType = sourcecode.c.h; path = AreaListViewController.h; sourceTree = "<group>"; };
		F54ED66F1633B84D00F0ED00 /* AreaListViewController.m */ = {isa = PBXFileReference; fileEncoding = 4; lastKnownFileType = sourcecode.c.objc; path = AreaListViewController.m; sourceTree = "<group>"; };
		F54ED6701633B84D00F0ED00 /* AreaListViewController.xib */ = {isa = PBXFileReference; fileEncoding = 4; lastKnownFileType = file.xib; path = AreaListViewController.xib; sourceTree = "<group>"; };
		F54ED6731633B91800F0ED00 /* SnotterTweetListViewController.h */ = {isa = PBXFileReference; fileEncoding = 4; lastKnownFileType = sourcecode.c.h; path = SnotterTweetListViewController.h; sourceTree = "<group>"; };
		F54ED6741633B91800F0ED00 /* SnotterTweetListViewController.m */ = {isa = PBXFileReference; fileEncoding = 4; lastKnownFileType = sourcecode.c.objc; path = SnotterTweetListViewController.m; sourceTree = "<group>"; };
		F54ED6751633B91800F0ED00 /* SnotterTweetListViewController.xib */ = {isa = PBXFileReference; fileEncoding = 4; lastKnownFileType = file.xib; path = SnotterTweetListViewController.xib; sourceTree = "<group>"; };
		F54ED6781633B98F00F0ED00 /* FavoriteListViewController.h */ = {isa = PBXFileReference; fileEncoding = 4; lastKnownFileType = sourcecode.c.h; path = FavoriteListViewController.h; sourceTree = "<group>"; };
		F54ED6791633B99000F0ED00 /* FavoriteListViewController.m */ = {isa = PBXFileReference; fileEncoding = 4; lastKnownFileType = sourcecode.c.objc; path = FavoriteListViewController.m; sourceTree = "<group>"; };
		F54ED67A1633B99000F0ED00 /* FavoriteListViewController.xib */ = {isa = PBXFileReference; fileEncoding = 4; lastKnownFileType = file.xib; path = FavoriteListViewController.xib; sourceTree = "<group>"; };
		F54ED67D1633BAA900F0ED00 /* OfficialTweetListViewController.h */ = {isa = PBXFileReference; fileEncoding = 4; lastKnownFileType = sourcecode.c.h; path = OfficialTweetListViewController.h; sourceTree = "<group>"; };
		F54ED67E1633BAA900F0ED00 /* OfficialTweetListViewController.m */ = {isa = PBXFileReference; fileEncoding = 4; lastKnownFileType = sourcecode.c.objc; path = OfficialTweetListViewController.m; sourceTree = "<group>"; };
		F54ED67F1633BAA900F0ED00 /* OfficialTweetListViewController.xib */ = {isa = PBXFileReference; fileEncoding = 4; lastKnownFileType = file.xib; path = OfficialTweetListViewController.xib; sourceTree = "<group>"; };
		F54ED6821633BD3000F0ED00 /* TimeLineViewController.h */ = {isa = PBXFileReference; fileEncoding = 4; lastKnownFileType = sourcecode.c.h; path = TimeLineViewController.h; sourceTree = "<group>"; };
		F54ED6831633BD3100F0ED00 /* TimeLineViewController.m */ = {isa = PBXFileReference; fileEncoding = 4; lastKnownFileType = sourcecode.c.objc; path = TimeLineViewController.m; sourceTree = "<group>"; };
		F54ED6841633BD3100F0ED00 /* TimeLineViewController.xib */ = {isa = PBXFileReference; fileEncoding = 4; lastKnownFileType = file.xib; path = TimeLineViewController.xib; sourceTree = "<group>"; };
		F54ED6881633BFFD00F0ED00 /* SettingViewController.h */ = {isa = PBXFileReference; fileEncoding = 4; lastKnownFileType = sourcecode.c.h; path = SettingViewController.h; sourceTree = "<group>"; };
		F54ED6891633BFFD00F0ED00 /* SettingViewController.m */ = {isa = PBXFileReference; fileEncoding = 4; lastKnownFileType = sourcecode.c.objc; path = SettingViewController.m; sourceTree = "<group>"; };
		F54ED68A1633BFFE00F0ED00 /* SettingViewController.xib */ = {isa = PBXFileReference; fileEncoding = 4; lastKnownFileType = file.xib; path = SettingViewController.xib; sourceTree = "<group>"; };
		F54ED68D1633D23100F0ED00 /* TwitterManager.h */ = {isa = PBXFileReference; fileEncoding = 4; lastKnownFileType = sourcecode.c.h; path = TwitterManager.h; sourceTree = "<group>"; };
		F54ED68E1633D23100F0ED00 /* TwitterManager.m */ = {isa = PBXFileReference; fileEncoding = 4; lastKnownFileType = sourcecode.c.objc; path = TwitterManager.m; sourceTree = "<group>"; };
		F54ED6901633DAD400F0ED00 /* TwitterAccountsViewController.h */ = {isa = PBXFileReference; fileEncoding = 4; lastKnownFileType = sourcecode.c.h; path = TwitterAccountsViewController.h; sourceTree = "<group>"; };
		F54ED6911633DAD500F0ED00 /* TwitterAccountsViewController.m */ = {isa = PBXFileReference; fileEncoding = 4; lastKnownFileType = sourcecode.c.objc; path = TwitterAccountsViewController.m; sourceTree = "<group>"; };
		F54ED6921633DAD500F0ED00 /* TwitterAccountsViewController.xib */ = {isa = PBXFileReference; fileEncoding = 4; lastKnownFileType = file.xib; path = TwitterAccountsViewController.xib; sourceTree = "<group>"; };
		F54ED6951633DAF400F0ED00 /* Twitter.framework */ = {isa = PBXFileReference; lastKnownFileType = wrapper.framework; name = Twitter.framework; path = System/Library/Frameworks/Twitter.framework; sourceTree = SDKROOT; };
		F54ED6971633DAFC00F0ED00 /* Accounts.framework */ = {isa = PBXFileReference; lastKnownFileType = wrapper.framework; name = Accounts.framework; path = System/Library/Frameworks/Accounts.framework; sourceTree = SDKROOT; };
		F54ED69D1633E03A00F0ED00 /* TweetStatus.h */ = {isa = PBXFileReference; fileEncoding = 4; lastKnownFileType = sourcecode.c.h; path = TweetStatus.h; sourceTree = "<group>"; };
		F54ED69E1633E03A00F0ED00 /* TweetStatus.m */ = {isa = PBXFileReference; fileEncoding = 4; lastKnownFileType = sourcecode.c.objc; path = TweetStatus.m; sourceTree = "<group>"; };
		F54ED6A816340F7D00F0ED00 /* TweetCell.h */ = {isa = PBXFileReference; fileEncoding = 4; lastKnownFileType = sourcecode.c.h; path = TweetCell.h; sourceTree = "<group>"; };
		F54ED6A916340F7D00F0ED00 /* TweetCell.m */ = {isa = PBXFileReference; fileEncoding = 4; lastKnownFileType = sourcecode.c.objc; path = TweetCell.m; sourceTree = "<group>"; };
		F54ED6AD16340FB300F0ED00 /* TweetCell.xib */ = {isa = PBXFileReference; fileEncoding = 4; lastKnownFileType = file.xib; path = TweetCell.xib; sourceTree = "<group>"; };
		F54ED6B316341AB600F0ED00 /* UIAsyncImageView.h */ = {isa = PBXFileReference; fileEncoding = 4; lastKnownFileType = sourcecode.c.h; path = UIAsyncImageView.h; sourceTree = "<group>"; };
		F54ED6B416341AB600F0ED00 /* UIAsyncImageView.m */ = {isa = PBXFileReference; fileEncoding = 4; lastKnownFileType = sourcecode.c.objc; path = UIAsyncImageView.m; sourceTree = "<group>"; };
		F54ED6B616341ACE00F0ED00 /* ImageCache.h */ = {isa = PBXFileReference; fileEncoding = 4; lastKnownFileType = sourcecode.c.h; path = ImageCache.h; sourceTree = "<group>"; };
		F54ED6B716341ACF00F0ED00 /* ImageCache.m */ = {isa = PBXFileReference; fileEncoding = 4; lastKnownFileType = sourcecode.c.objc; path = ImageCache.m; sourceTree = "<group>"; };
		F54ED6BD163429A800F0ED00 /* ListsViewController.h */ = {isa = PBXFileReference; fileEncoding = 4; lastKnownFileType = sourcecode.c.h; path = ListsViewController.h; sourceTree = "<group>"; };
		F54ED6BE163429A800F0ED00 /* ListsViewController.m */ = {isa = PBXFileReference; fileEncoding = 4; lastKnownFileType = sourcecode.c.objc; path = ListsViewController.m; sourceTree = "<group>"; };
		F56936EB163982FD001B7067 /* EGORefreshTableHeaderView.h */ = {isa = PBXFileReference; fileEncoding = 4; lastKnownFileType = sourcecode.c.h; path = EGORefreshTableHeaderView.h; sourceTree = "<group>"; };
		F56936EC163982FD001B7067 /* EGORefreshTableHeaderView.m */ = {isa = PBXFileReference; fileEncoding = 4; lastKnownFileType = sourcecode.c.objc; path = EGORefreshTableHeaderView.m; sourceTree = "<group>"; };
		F56936EF1639838F001B7067 /* QuartzCore.framework */ = {isa = PBXFileReference; lastKnownFileType = wrapper.framework; name = QuartzCore.framework; path = System/Library/Frameworks/QuartzCore.framework; sourceTree = SDKROOT; };
		F56936F216398835001B7067 /* blackArrow.png */ = {isa = PBXFileReference; lastKnownFileType = image.png; path = blackArrow.png; sourceTree = "<group>"; };
		F56936F316398835001B7067 /* blackArrow@2x.png */ = {isa = PBXFileReference; lastKnownFileType = image.png; path = "blackArrow@2x.png"; sourceTree = "<group>"; };
		F56936F416398835001B7067 /* blueArrow.png */ = {isa = PBXFileReference; lastKnownFileType = image.png; path = blueArrow.png; sourceTree = "<group>"; };
		F56936F516398835001B7067 /* blueArrow@2x.png */ = {isa = PBXFileReference; lastKnownFileType = image.png; path = "blueArrow@2x.png"; sourceTree = "<group>"; };
		F56936F616398835001B7067 /* grayArrow.png */ = {isa = PBXFileReference; lastKnownFileType = image.png; path = grayArrow.png; sourceTree = "<group>"; };
		F56936F716398835001B7067 /* grayArrow@2x.png */ = {isa = PBXFileReference; lastKnownFileType = image.png; path = "grayArrow@2x.png"; sourceTree = "<group>"; };
		F56936F816398835001B7067 /* whiteArrow.png */ = {isa = PBXFileReference; lastKnownFileType = image.png; path = whiteArrow.png; sourceTree = "<group>"; };
		F56936F916398835001B7067 /* whiteArrow@2x.png */ = {isa = PBXFileReference; lastKnownFileType = image.png; path = "whiteArrow@2x.png"; sourceTree = "<group>"; };
		F5954FCB16462295006F4D69 /* WebBrowserViewController.h */ = {isa = PBXFileReference; fileEncoding = 4; lastKnownFileType = sourcecode.c.h; path = WebBrowserViewController.h; sourceTree = "<group>"; };
		F5954FCC16462295006F4D69 /* WebBrowserViewController.m */ = {isa = PBXFileReference; fileEncoding = 4; lastKnownFileType = sourcecode.c.objc; path = WebBrowserViewController.m; sourceTree = "<group>"; };
		F5954FCD16462296006F4D69 /* WebBrowserViewController.xib */ = {isa = PBXFileReference; fileEncoding = 4; lastKnownFileType = file.xib; path = WebBrowserViewController.xib; sourceTree = "<group>"; };
		F5954FD5164624C6006F4D69 /* SVProgressHUD.h */ = {isa = PBXFileReference; fileEncoding = 4; lastKnownFileType = sourcecode.c.h; path = SVProgressHUD.h; sourceTree = "<group>"; };
		F5954FD6164624C6006F4D69 /* SVProgressHUD.m */ = {isa = PBXFileReference; fileEncoding = 4; lastKnownFileType = sourcecode.c.objc; path = SVProgressHUD.m; sourceTree = "<group>"; };
		F5954FDB16464241006F4D69 /* SearchViewController.h */ = {isa = PBXFileReference; fileEncoding = 4; lastKnownFileType = sourcecode.c.h; path = SearchViewController.h; sourceTree = "<group>"; };
		F5954FDC16464243006F4D69 /* SearchViewController.m */ = {isa = PBXFileReference; fileEncoding = 4; lastKnownFileType = sourcecode.c.objc; path = SearchViewController.m; sourceTree = "<group>"; };
		F5954FE416465067006F4D69 /* akita.csv */ = {isa = PBXFileReference; fileEncoding = 4; lastKnownFileType = text; path = akita.csv; sourceTree = "<group>"; };
		F5954FE516465067006F4D69 /* aomori.csv */ = {isa = PBXFileReference; fileEncoding = 4; lastKnownFileType = text; path = aomori.csv; sourceTree = "<group>"; };
		F5954FE716465067006F4D69 /* douhoku.csv */ = {isa = PBXFileReference; fileEncoding = 4; lastKnownFileType = text; path = douhoku.csv; sourceTree = "<group>"; };
		F5954FE816465067006F4D69 /* doutou.csv */ = {isa = PBXFileReference; fileEncoding = 4; lastKnownFileType = text; path = doutou.csv; sourceTree = "<group>"; };
		F5954FE916465067006F4D69 /* fuji.csv */ = {isa = PBXFileReference; fileEncoding = 4; lastKnownFileType = text; path = fuji.csv; sourceTree = "<group>"; };
		F5954FEA16465067006F4D69 /* hakuba.csv */ = {isa = PBXFileReference; fileEncoding = 4; lastKnownFileType = text; path = hakuba.csv; sourceTree = "<group>"; };
		F5954FEB16465067006F4D69 /* hida.csv */ = {isa = PBXFileReference; fileEncoding = 4; lastKnownFileType = text; path = hida.csv; sourceTree = "<group>"; };
		F5954FEC16465067006F4D69 /* hukui.csv */ = {isa = PBXFileReference; fileEncoding = 4; lastKnownFileType = text; path = hukui.csv; sourceTree = "<group>"; };
		F5954FED16465067006F4D69 /* hukushima.csv */ = {isa = PBXFileReference; fileEncoding = 4; lastKnownFileType = text; path = hukushima.csv; sourceTree = "<group>"; };
		F5954FEE16465067006F4D69 /* hyougo.csv */ = {isa = PBXFileReference; fileEncoding = 4; lastKnownFileType = text; path = hyougo.csv; sourceTree = "<group>"; };
		F5954FEF16465067006F4D69 /* ishikawa.csv */ = {isa = PBXFileReference; fileEncoding = 4; lastKnownFileType = text; path = ishikawa.csv; sourceTree = "<group>"; };
		F5954FF016465067006F4D69 /* iwate.csv */ = {isa = PBXFileReference; fileEncoding = 4; lastKnownFileType = text; path = iwate.csv; sourceTree = "<group>"; };
		F5954FF116465067006F4D69 /* jouetsu.csv */ = {isa = PBXFileReference; fileEncoding = 4; lastKnownFileType = text; path = jouetsu.csv; sourceTree = "<group>"; };
		F5954FF216465067006F4D69 /* kanagawa.csv */ = {isa = PBXFileReference; fileEncoding = 4; lastKnownFileType = text; path = kanagawa.csv; sourceTree = "<group>"; };
		F5954FF316465067006F4D69 /* karuizawa.csv */ = {isa = PBXFileReference; fileEncoding = 4; lastKnownFileType = text; path = karuizawa.csv; sourceTree = "<group>"; };
		F5954FF416465067006F4D69 /* kusatsu.csv */ = {isa = PBXFileReference; fileEncoding = 4; lastKnownFileType = text; path = kusatsu.csv; sourceTree = "<group>"; };
		F5954FF516465067006F4D69 /* kyoto.csv */ = {isa = PBXFileReference; fileEncoding = 4; lastKnownFileType = text; path = kyoto.csv; sourceTree = "<group>"; };
		F5954FF616465067006F4D69 /* kyushu.csv */ = {isa = PBXFileReference; fileEncoding = 4; lastKnownFileType = text; path = kyushu.csv; sourceTree = "<group>"; };
		F5954FF716465067006F4D69 /* madarao.csv */ = {isa = PBXFileReference; fileEncoding = 4; lastKnownFileType = text; path = madarao.csv; sourceTree = "<group>"; };
		F5954FF816465067006F4D69 /* miyagi.csv */ = {isa = PBXFileReference; fileEncoding = 4; lastKnownFileType = text; path = miyagi.csv; sourceTree = "<group>"; };
		F5954FF916465067006F4D69 /* myoukou.csv */ = {isa = PBXFileReference; fileEncoding = 4; lastKnownFileType = text; path = myoukou.csv; sourceTree = "<group>"; };
		F5954FFA16465067006F4D69 /* nasu.csv */ = {isa = PBXFileReference; fileEncoding = 4; lastKnownFileType = text; path = nasu.csv; sourceTree = "<group>"; };
		F5954FFB16465067006F4D69 /* numata.csv */ = {isa = PBXFileReference; fileEncoding = 4; lastKnownFileType = text; path = numata.csv; sourceTree = "<group>"; };
		F5954FFC16465067006F4D69 /* okayama.csv */ = {isa = PBXFileReference; fileEncoding = 4; lastKnownFileType = text; path = okayama.csv; sourceTree = "<group>"; };
		F5954FFD16465067006F4D69 /* shiga.csv */ = {isa = PBXFileReference; fileEncoding = 4; lastKnownFileType = text; path = shiga.csv; sourceTree = "<group>"; };
		F5954FFE16465067006F4D69 /* shigakougen.csv */ = {isa = PBXFileReference; fileEncoding = 4; lastKnownFileType = text; path = shigakougen.csv; sourceTree = "<group>"; };
		F5954FFF16465067006F4D69 /* shikoku.csv */ = {isa = PBXFileReference; fileEncoding = 4; lastKnownFileType = text; path = shikoku.csv; sourceTree = "<group>"; };
		F595500016465067006F4D69 /* tottori.csv */ = {isa = PBXFileReference; fileEncoding = 4; lastKnownFileType = text; path = tottori.csv; sourceTree = "<group>"; };
		F595500116465067006F4D69 /* toyama.csv */ = {isa = PBXFileReference; fileEncoding = 4; lastKnownFileType = text; path = toyama.csv; sourceTree = "<group>"; };
		F595500216465067006F4D69 /* yamagata.csv */ = {isa = PBXFileReference; fileEncoding = 4; lastKnownFileType = text; path = yamagata.csv; sourceTree = "<group>"; };
		F59550221646583D006F4D69 /* MapKit.framework */ = {isa = PBXFileReference; lastKnownFileType = wrapper.framework; name = MapKit.framework; path = System/Library/Frameworks/MapKit.framework; sourceTree = SDKROOT; };
		F595502416465891006F4D69 /* CoreLocation.framework */ = {isa = PBXFileReference; lastKnownFileType = wrapper.framework; name = CoreLocation.framework; path = System/Library/Frameworks/CoreLocation.framework; sourceTree = SDKROOT; };
		F5955026164658E6006F4D69 /* Gelande.h */ = {isa = PBXFileReference; fileEncoding = 4; lastKnownFileType = sourcecode.c.h; path = Gelande.h; sourceTree = "<group>"; };
		F5955027164658E7006F4D69 /* Gelande.m */ = {isa = PBXFileReference; fileEncoding = 4; lastKnownFileType = sourcecode.c.objc; path = Gelande.m; sourceTree = "<group>"; };
		F595502916466E72006F4D69 /* GelandeListViewController.h */ = {isa = PBXFileReference; fileEncoding = 4; lastKnownFileType = sourcecode.c.h; path = GelandeListViewController.h; sourceTree = "<group>"; };
		F595502A16466E74006F4D69 /* GelandeListViewController.m */ = {isa = PBXFileReference; fileEncoding = 4; lastKnownFileType = sourcecode.c.objc; path = GelandeListViewController.m; sourceTree = "<group>"; };
		F595502B16466E74006F4D69 /* GelandeListViewController.xib */ = {isa = PBXFileReference; fileEncoding = 4; lastKnownFileType = file.xib; path = GelandeListViewController.xib; sourceTree = "<group>"; };
		F595502E16467225006F4D69 /* GelandeTweetViewController.h */ = {isa = PBXFileReference; fileEncoding = 4; lastKnownFileType = sourcecode.c.h; path = GelandeTweetViewController.h; sourceTree = "<group>"; };
		F595502F16467227006F4D69 /* GelandeTweetViewController.m */ = {isa = PBXFileReference; fileEncoding = 4; lastKnownFileType = sourcecode.c.objc; path = GelandeTweetViewController.m; sourceTree = "<group>"; };
		F595503016467229006F4D69 /* GelandeTweetViewController.xib */ = {isa = PBXFileReference; fileEncoding = 4; lastKnownFileType = file.xib; path = GelandeTweetViewController.xib; sourceTree = "<group>"; };
		F595503316467D01006F4D69 /* GelandeMapViewController.h */ = {isa = PBXFileReference; fileEncoding = 4; lastKnownFileType = sourcecode.c.h; path = GelandeMapViewController.h; sourceTree = "<group>"; };
		F595503416467D03006F4D69 /* GelandeMapViewController.m */ = {isa = PBXFileReference; fileEncoding = 4; lastKnownFileType = sourcecode.c.objc; path = GelandeMapViewController.m; sourceTree = "<group>"; };
		F595503516467D04006F4D69 /* GelandeMapViewController.xib */ = {isa = PBXFileReference; fileEncoding = 4; lastKnownFileType = file.xib; path = GelandeMapViewController.xib; sourceTree = "<group>"; };
		F59550391646C025006F4D69 /* Default-568h@2x.png */ = {isa = PBXFileReference; lastKnownFileType = image.png; path = "Default-568h@2x.png"; sourceTree = "<group>"; };
		F595503A1646C025006F4D69 /* Default.png */ = {isa = PBXFileReference; lastKnownFileType = image.png; path = Default.png; sourceTree = "<group>"; };
		F595503B1646C025006F4D69 /* Default@2x.png */ = {isa = PBXFileReference; lastKnownFileType = image.png; path = "Default@2x.png"; sourceTree = "<group>"; };
		F595503F1646C039006F4D69 /* icon.png */ = {isa = PBXFileReference; lastKnownFileType = image.png; path = icon.png; sourceTree = "<group>"; };
		F59550401646C039006F4D69 /* icon@2x.png */ = {isa = PBXFileReference; lastKnownFileType = image.png; path = "icon@2x.png"; sourceTree = "<group>"; };
		F5C1D6B5164AA93700D519F1 /* GANTracker.h */ = {isa = PBXFileReference; fileEncoding = 4; lastKnownFileType = sourcecode.c.h; path = GANTracker.h; sourceTree = "<group>"; };
		F5C1D6B6164AA93700D519F1 /* libGoogleAnalytics.a */ = {isa = PBXFileReference; lastKnownFileType = archive.ar; path = libGoogleAnalytics.a; sourceTree = "<group>"; };
		F5C1D6BB164AA95B00D519F1 /* libsqlite3.0.dylib */ = {isa = PBXFileReference; lastKnownFileType = "compiled.mach-o.dylib"; name = libsqlite3.0.dylib; path = usr/lib/libsqlite3.0.dylib; sourceTree = SDKROOT; };
		F5C1D6BD164AA97100D519F1 /* Security.framework */ = {isa = PBXFileReference; lastKnownFileType = wrapper.framework; name = Security.framework; path = System/Library/Frameworks/Security.framework; sourceTree = SDKROOT; };
		F5C1D6BF164AA97B00D519F1 /* CFNetwork.framework */ = {isa = PBXFileReference; lastKnownFileType = wrapper.framework; name = CFNetwork.framework; path = System/Library/Frameworks/CFNetwork.framework; sourceTree = SDKROOT; };
		F5C1D6C1164AA98500D519F1 /* iAd.framework */ = {isa = PBXFileReference; lastKnownFileType = wrapper.framework; name = iAd.framework; path = System/Library/Frameworks/iAd.framework; sourceTree = SDKROOT; };
		F5F332FF163D730900C205E9 /* TweetViewController.h */ = {isa = PBXFileReference; fileEncoding = 4; lastKnownFileType = sourcecode.c.h; path = TweetViewController.h; sourceTree = "<group>"; };
		F5F33300163D730900C205E9 /* TweetViewController.m */ = {isa = PBXFileReference; fileEncoding = 4; lastKnownFileType = sourcecode.c.objc; path = TweetViewController.m; sourceTree = "<group>"; };
		F5F33301163D730900C205E9 /* TweetViewController.xib */ = {isa = PBXFileReference; fileEncoding = 4; lastKnownFileType = file.xib; path = TweetViewController.xib; sourceTree = "<group>"; };
/* End PBXFileReference section */

/* Begin PBXFrameworksBuildPhase section */
		F54ED6331633B77400F0ED00 /* Frameworks */ = {
			isa = PBXFrameworksBuildPhase;
			buildActionMask = 2147483647;
			files = (
				F5C1D6C2164AA98500D519F1 /* iAd.framework in Frameworks */,
				F5C1D6C0164AA97B00D519F1 /* CFNetwork.framework in Frameworks */,
				F5C1D6BE164AA97100D519F1 /* Security.framework in Frameworks */,
				F5C1D6BC164AA95B00D519F1 /* libsqlite3.0.dylib in Frameworks */,
				F595502516465892006F4D69 /* CoreLocation.framework in Frameworks */,
				F59550231646583D006F4D69 /* MapKit.framework in Frameworks */,
				F56936F01639838F001B7067 /* QuartzCore.framework in Frameworks */,
				F54ED6981633DAFD00F0ED00 /* Accounts.framework in Frameworks */,
				F54ED6961633DAF400F0ED00 /* Twitter.framework in Frameworks */,
				F54ED63B1633B77400F0ED00 /* UIKit.framework in Frameworks */,
				F54ED63D1633B77400F0ED00 /* Foundation.framework in Frameworks */,
				F54ED63F1633B77400F0ED00 /* CoreGraphics.framework in Frameworks */,
				F5C1D6B8164AA93700D519F1 /* libGoogleAnalytics.a in Frameworks */,
				2D4357851653638300CE7523 /* libNendAd.a in Frameworks */,
			);
			runOnlyForDeploymentPostprocessing = 0;
		};
/* End PBXFrameworksBuildPhase section */

/* Begin PBXGroup section */
		2D4357811653638300CE7523 /* NendAd */ = {
			isa = PBXGroup;
			children = (
				2D4357821653638300CE7523 /* libNendAd.a */,
				2D4357831653638300CE7523 /* libNendAd_readme.txt */,
				2D4357841653638300CE7523 /* NADView.h */,
			);
			path = NendAd;
			sourceTree = "<group>";
		};
		F54ED62B1633B77400F0ED00 = {
			isa = PBXGroup;
			children = (
				2D4357811653638300CE7523 /* NendAd */,
				F54ED6401633B77400F0ED00 /* Snotter */,
				F54ED6391633B77400F0ED00 /* Frameworks */,
				F54ED6371633B77400F0ED00 /* Products */,
			);
			sourceTree = "<group>";
		};
		F54ED6371633B77400F0ED00 /* Products */ = {
			isa = PBXGroup;
			children = (
				F54ED6361633B77400F0ED00 /* Snotter.app */,
			);
			name = Products;
			sourceTree = "<group>";
		};
		F54ED6391633B77400F0ED00 /* Frameworks */ = {
			isa = PBXGroup;
			children = (
				F5C1D6BB164AA95B00D519F1 /* libsqlite3.0.dylib */,
				F5C1D6C1164AA98500D519F1 /* iAd.framework */,
				F5C1D6BF164AA97B00D519F1 /* CFNetwork.framework */,
				F5C1D6BD164AA97100D519F1 /* Security.framework */,
				F595502416465891006F4D69 /* CoreLocation.framework */,
				F59550221646583D006F4D69 /* MapKit.framework */,
				F56936EF1639838F001B7067 /* QuartzCore.framework */,
				F54ED6971633DAFC00F0ED00 /* Accounts.framework */,
				F54ED6951633DAF400F0ED00 /* Twitter.framework */,
				F54ED63A1633B77400F0ED00 /* UIKit.framework */,
				F54ED63C1633B77400F0ED00 /* Foundation.framework */,
				F54ED63E1633B77400F0ED00 /* CoreGraphics.framework */,
			);
			name = Frameworks;
			sourceTree = "<group>";
		};
		F54ED6401633B77400F0ED00 /* Snotter */ = {
			isa = PBXGroup;
			children = (
				F54ED6491633B77400F0ED00 /* AppDelegate.h */,
				F54ED64A1633B77400F0ED00 /* AppDelegate.m */,
				2D435775165345B200CE7523 /* NetworkActivityManager.h */,
				2D435776165345B200CE7523 /* NetworkActivityManager.m */,
				F5C1D6B4164AA93700D519F1 /* Analytics */,
				F5954FE21646500D006F4D69 /* Resources */,
				F54ED6411633B77400F0ED00 /* Supporting Files */,
				F54ED6871633BE2700F0ED00 /* TwitterUtil */,
				F54ED66E1633B84D00F0ED00 /* AreaListViewController.h */,
				F54ED66F1633B84D00F0ED00 /* AreaListViewController.m */,
				F54ED6701633B84D00F0ED00 /* AreaListViewController.xib */,
				F595502916466E72006F4D69 /* GelandeListViewController.h */,
				F595502A16466E74006F4D69 /* GelandeListViewController.m */,
				F595502B16466E74006F4D69 /* GelandeListViewController.xib */,
				F54ED6731633B91800F0ED00 /* SnotterTweetListViewController.h */,
				F54ED6741633B91800F0ED00 /* SnotterTweetListViewController.m */,
				F54ED6751633B91800F0ED00 /* SnotterTweetListViewController.xib */,
				F54ED6781633B98F00F0ED00 /* FavoriteListViewController.h */,
				F54ED6791633B99000F0ED00 /* FavoriteListViewController.m */,
				F54ED67A1633B99000F0ED00 /* FavoriteListViewController.xib */,
				F54ED67D1633BAA900F0ED00 /* OfficialTweetListViewController.h */,
				F54ED67E1633BAA900F0ED00 /* OfficialTweetListViewController.m */,
				F54ED67F1633BAA900F0ED00 /* OfficialTweetListViewController.xib */,
				F54ED6881633BFFD00F0ED00 /* SettingViewController.h */,
				F54ED6891633BFFD00F0ED00 /* SettingViewController.m */,
				F54ED68A1633BFFE00F0ED00 /* SettingViewController.xib */,
				F5955026164658E6006F4D69 /* Gelande.h */,
				F5955027164658E7006F4D69 /* Gelande.m */,
				F595502E16467225006F4D69 /* GelandeTweetViewController.h */,
				F595502F16467227006F4D69 /* GelandeTweetViewController.m */,
				F595503016467229006F4D69 /* GelandeTweetViewController.xib */,
				F595503316467D01006F4D69 /* GelandeMapViewController.h */,
				F595503416467D03006F4D69 /* GelandeMapViewController.m */,
				F595503516467D04006F4D69 /* GelandeMapViewController.xib */,
			);
			path = Snotter;
			sourceTree = "<group>";
		};
		F54ED6411633B77400F0ED00 /* Supporting Files */ = {
			isa = PBXGroup;
			children = (
				F54ED6421633B77400F0ED00 /* Snotter-Info.plist */,
				F54ED6431633B77400F0ED00 /* InfoPlist.strings */,
				F54ED6461633B77400F0ED00 /* main.m */,
				F54ED6481633B77400F0ED00 /* Snotter-Prefix.pch */,
			);
			name = "Supporting Files";
			sourceTree = "<group>";
		};
		F54ED6871633BE2700F0ED00 /* TwitterUtil */ = {
			isa = PBXGroup;
			children = (
				F5954FDE16464424006F4D69 /* TimeLineGroup */,
				F56936F11639881C001B7067 /* TwitterResources */,
				F54ED68D1633D23100F0ED00 /* TwitterManager.h */,
				F54ED68E1633D23100F0ED00 /* TwitterManager.m */,
				F54ED6901633DAD400F0ED00 /* TwitterAccountsViewController.h */,
				F54ED6911633DAD500F0ED00 /* TwitterAccountsViewController.m */,
				F54ED6921633DAD500F0ED00 /* TwitterAccountsViewController.xib */,
				F54ED69D1633E03A00F0ED00 /* TweetStatus.h */,
				F54ED69E1633E03A00F0ED00 /* TweetStatus.m */,
				F54ED6A816340F7D00F0ED00 /* TweetCell.h */,
				F54ED6A916340F7D00F0ED00 /* TweetCell.m */,
				F54ED6AD16340FB300F0ED00 /* TweetCell.xib */,
				F54ED6B316341AB600F0ED00 /* UIAsyncImageView.h */,
				F54ED6B416341AB600F0ED00 /* UIAsyncImageView.m */,
				F54ED6B616341ACE00F0ED00 /* ImageCache.h */,
				F54ED6B716341ACF00F0ED00 /* ImageCache.m */,
				F56936EB163982FD001B7067 /* EGORefreshTableHeaderView.h */,
				F56936EC163982FD001B7067 /* EGORefreshTableHeaderView.m */,
				F5954FD5164624C6006F4D69 /* SVProgressHUD.h */,
				F5954FD6164624C6006F4D69 /* SVProgressHUD.m */,
				F5F332FF163D730900C205E9 /* TweetViewController.h */,
				F5F33300163D730900C205E9 /* TweetViewController.m */,
				F5F33301163D730900C205E9 /* TweetViewController.xib */,
				F5954FCB16462295006F4D69 /* WebBrowserViewController.h */,
				F5954FCC16462295006F4D69 /* WebBrowserViewController.m */,
				F5954FCD16462296006F4D69 /* WebBrowserViewController.xib */,
			);
			name = TwitterUtil;
			sourceTree = "<group>";
		};
		F56936F11639881C001B7067 /* TwitterResources */ = {
			isa = PBXGroup;
			children = (
				F56936F216398835001B7067 /* blackArrow.png */,
				F56936F316398835001B7067 /* blackArrow@2x.png */,
				F56936F416398835001B7067 /* blueArrow.png */,
				F56936F516398835001B7067 /* blueArrow@2x.png */,
				F56936F616398835001B7067 /* grayArrow.png */,
				F56936F716398835001B7067 /* grayArrow@2x.png */,
				F56936F816398835001B7067 /* whiteArrow.png */,
				F56936F916398835001B7067 /* whiteArrow@2x.png */,
			);
			name = TwitterResources;
			sourceTree = "<group>";
		};
		F5954FDE16464424006F4D69 /* TimeLineGroup */ = {
			isa = PBXGroup;
			children = (
				F54ED6821633BD3000F0ED00 /* TimeLineViewController.h */,
				F54ED6831633BD3100F0ED00 /* TimeLineViewController.m */,
				F54ED6841633BD3100F0ED00 /* TimeLineViewController.xib */,
				F54ED6BD163429A800F0ED00 /* ListsViewController.h */,
				F54ED6BE163429A800F0ED00 /* ListsViewController.m */,
				F5954FDB16464241006F4D69 /* SearchViewController.h */,
				F5954FDC16464243006F4D69 /* SearchViewController.m */,
			);
			name = TimeLineGroup;
			sourceTree = "<group>";
		};
		F5954FE21646500D006F4D69 /* Resources */ = {
			isa = PBXGroup;
			children = (
				F59550381646BFD5006F4D69 /* images */,
				F5954FE31646501C006F4D69 /* csv */,
			);
			name = Resources;
			sourceTree = "<group>";
		};
		F5954FE31646501C006F4D69 /* csv */ = {
			isa = PBXGroup;
			children = (
				F5954FE416465067006F4D69 /* akita.csv */,
				F5954FE516465067006F4D69 /* aomori.csv */,
				2D7CC0D8165611A10011BE20 /* douou.csv */,
				F5954FE716465067006F4D69 /* douhoku.csv */,
				F5954FE816465067006F4D69 /* doutou.csv */,
				F5954FE916465067006F4D69 /* fuji.csv */,
				F5954FEA16465067006F4D69 /* hakuba.csv */,
				F5954FEB16465067006F4D69 /* hida.csv */,
				F5954FEC16465067006F4D69 /* hukui.csv */,
				F5954FED16465067006F4D69 /* hukushima.csv */,
				F5954FEE16465067006F4D69 /* hyougo.csv */,
				F5954FEF16465067006F4D69 /* ishikawa.csv */,
				F5954FF016465067006F4D69 /* iwate.csv */,
				F5954FF116465067006F4D69 /* jouetsu.csv */,
				F5954FF216465067006F4D69 /* kanagawa.csv */,
				F5954FF316465067006F4D69 /* karuizawa.csv */,
				F5954FF416465067006F4D69 /* kusatsu.csv */,
				F5954FF516465067006F4D69 /* kyoto.csv */,
				F5954FF616465067006F4D69 /* kyushu.csv */,
				F5954FF716465067006F4D69 /* madarao.csv */,
				F5954FF816465067006F4D69 /* miyagi.csv */,
				F5954FF916465067006F4D69 /* myoukou.csv */,
				F5954FFA16465067006F4D69 /* nasu.csv */,
				F5954FFB16465067006F4D69 /* numata.csv */,
				F5954FFC16465067006F4D69 /* okayama.csv */,
				F5954FFD16465067006F4D69 /* shiga.csv */,
				F5954FFE16465067006F4D69 /* shigakougen.csv */,
				F5954FFF16465067006F4D69 /* shikoku.csv */,
				F595500016465067006F4D69 /* tottori.csv */,
				F595500116465067006F4D69 /* toyama.csv */,
				F595500216465067006F4D69 /* yamagata.csv */,
			);
			name = csv;
			sourceTree = "<group>";
		};
		F59550381646BFD5006F4D69 /* images */ = {
			isa = PBXGroup;
			children = (
				2D803F4E1654B05C00A56730 /* Balloon.png */,
				2D803F4F1654B05C00A56730 /* Balloon@2x.png */,
				2D803F501654B05C00A56730 /* FormatBullets.png */,
				2D803F511654B05C00A56730 /* FormatBullets@2x.png */,
				2D803F521654B05C00A56730 /* Heart.png */,
				2D803F531654B05C00A56730 /* Heart@2x.png */,
				2D803F541654B05C00A56730 /* Information.png */,
				2D803F551654B05C00A56730 /* Information@2x.png */,
				F595503F1646C039006F4D69 /* icon.png */,
				F59550401646C039006F4D69 /* icon@2x.png */,
				F59550391646C025006F4D69 /* Default-568h@2x.png */,
				F595503A1646C025006F4D69 /* Default.png */,
				F595503B1646C025006F4D69 /* Default@2x.png */,
			);
			name = images;
			sourceTree = "<group>";
		};
		F5C1D6B4164AA93700D519F1 /* Analytics */ = {
			isa = PBXGroup;
			children = (
				F5C1D6B5164AA93700D519F1 /* GANTracker.h */,
				F5C1D6B6164AA93700D519F1 /* libGoogleAnalytics.a */,
			);
			path = Analytics;
			sourceTree = "<group>";
		};
/* End PBXGroup section */

/* Begin PBXNativeTarget section */
		F54ED6351633B77400F0ED00 /* Snotter */ = {
			isa = PBXNativeTarget;
			buildConfigurationList = F54ED6681633B77400F0ED00 /* Build configuration list for PBXNativeTarget "Snotter" */;
			buildPhases = (
				F54ED6321633B77400F0ED00 /* Sources */,
				F54ED6331633B77400F0ED00 /* Frameworks */,
				F54ED6341633B77400F0ED00 /* Resources */,
			);
			buildRules = (
			);
			dependencies = (
			);
			name = Snotter;
			productName = Snotter;
			productReference = F54ED6361633B77400F0ED00 /* Snotter.app */;
			productType = "com.apple.product-type.application";
		};
/* End PBXNativeTarget section */

/* Begin PBXProject section */
		F54ED62D1633B77400F0ED00 /* Project object */ = {
			isa = PBXProject;
			attributes = {
				LastUpgradeCheck = 0450;
				ORGANIZATIONNAME = "松瀬 弘樹";
			};
			buildConfigurationList = F54ED6301633B77400F0ED00 /* Build configuration list for PBXProject "Snotter" */;
			compatibilityVersion = "Xcode 3.2";
			developmentRegion = English;
			hasScannedForEncodings = 0;
			knownRegions = (
				en,
			);
			mainGroup = F54ED62B1633B77400F0ED00;
			productRefGroup = F54ED6371633B77400F0ED00 /* Products */;
			projectDirPath = "";
			projectRoot = "";
			targets = (
				F54ED6351633B77400F0ED00 /* Snotter */,
			);
		};
/* End PBXProject section */

/* Begin PBXResourcesBuildPhase section */
		F54ED6341633B77400F0ED00 /* Resources */ = {
			isa = PBXResourcesBuildPhase;
			buildActionMask = 2147483647;
			files = (
				F54ED6451633B77400F0ED00 /* InfoPlist.strings in Resources */,
				F54ED6721633B84D00F0ED00 /* AreaListViewController.xib in Resources */,
				F54ED6771633B91800F0ED00 /* SnotterTweetListViewController.xib in Resources */,
				F54ED67C1633B99000F0ED00 /* FavoriteListViewController.xib in Resources */,
				F54ED6811633BAA900F0ED00 /* OfficialTweetListViewController.xib in Resources */,
				F54ED6861633BD3100F0ED00 /* TimeLineViewController.xib in Resources */,
				F54ED68C1633BFFE00F0ED00 /* SettingViewController.xib in Resources */,
				F54ED6941633DAD500F0ED00 /* TwitterAccountsViewController.xib in Resources */,
				F54ED6AE16340FB400F0ED00 /* TweetCell.xib in Resources */,
				F56936FA16398835001B7067 /* blackArrow.png in Resources */,
				F56936FB16398835001B7067 /* blackArrow@2x.png in Resources */,
				F56936FC16398835001B7067 /* blueArrow.png in Resources */,
				F56936FD16398835001B7067 /* blueArrow@2x.png in Resources */,
				F56936FE16398835001B7067 /* grayArrow.png in Resources */,
				F56936FF16398835001B7067 /* grayArrow@2x.png in Resources */,
				F569370016398835001B7067 /* whiteArrow.png in Resources */,
				F569370116398835001B7067 /* whiteArrow@2x.png in Resources */,
				F5F33303163D730A00C205E9 /* TweetViewController.xib in Resources */,
				F5954FCF16462296006F4D69 /* WebBrowserViewController.xib in Resources */,
				F595500316465067006F4D69 /* akita.csv in Resources */,
				F595500416465067006F4D69 /* aomori.csv in Resources */,
				F595500616465067006F4D69 /* douhoku.csv in Resources */,
				F595500716465067006F4D69 /* doutou.csv in Resources */,
				F595500816465067006F4D69 /* fuji.csv in Resources */,
				F595500916465067006F4D69 /* hakuba.csv in Resources */,
				F595500A16465067006F4D69 /* hida.csv in Resources */,
				F595500B16465067006F4D69 /* hukui.csv in Resources */,
				F595500C16465067006F4D69 /* hukushima.csv in Resources */,
				F595500D16465067006F4D69 /* hyougo.csv in Resources */,
				F595500E16465067006F4D69 /* ishikawa.csv in Resources */,
				F595500F16465067006F4D69 /* iwate.csv in Resources */,
				F595501016465067006F4D69 /* jouetsu.csv in Resources */,
				F595501116465067006F4D69 /* kanagawa.csv in Resources */,
				F595501216465067006F4D69 /* karuizawa.csv in Resources */,
				F595501316465067006F4D69 /* kusatsu.csv in Resources */,
				F595501416465067006F4D69 /* kyoto.csv in Resources */,
				F595501516465067006F4D69 /* kyushu.csv in Resources */,
				F595501616465067006F4D69 /* madarao.csv in Resources */,
				F595501716465067006F4D69 /* miyagi.csv in Resources */,
				F595501816465067006F4D69 /* myoukou.csv in Resources */,
				F595501916465067006F4D69 /* nasu.csv in Resources */,
				F595501A16465067006F4D69 /* numata.csv in Resources */,
				F595501B16465067006F4D69 /* okayama.csv in Resources */,
				F595501C16465067006F4D69 /* shiga.csv in Resources */,
				F595501D16465067006F4D69 /* shigakougen.csv in Resources */,
				F595501E16465067006F4D69 /* shikoku.csv in Resources */,
				F595501F16465067006F4D69 /* tottori.csv in Resources */,
				F595502016465067006F4D69 /* toyama.csv in Resources */,
				F595502116465067006F4D69 /* yamagata.csv in Resources */,
				F595502D16466E75006F4D69 /* GelandeListViewController.xib in Resources */,
				F59550321646722A006F4D69 /* GelandeTweetViewController.xib in Resources */,
				F595503716467D06006F4D69 /* GelandeMapViewController.xib in Resources */,
				F595503C1646C025006F4D69 /* Default-568h@2x.png in Resources */,
				F595503D1646C025006F4D69 /* Default.png in Resources */,
				F595503E1646C025006F4D69 /* Default@2x.png in Resources */,
				F59550411646C039006F4D69 /* icon.png in Resources */,
				F59550421646C039006F4D69 /* icon@2x.png in Resources */,
				2D4357861653638300CE7523 /* libNendAd_readme.txt in Resources */,
				2D803F561654B05C00A56730 /* Balloon.png in Resources */,
				2D803F571654B05C00A56730 /* Balloon@2x.png in Resources */,
				2D803F581654B05C00A56730 /* FormatBullets.png in Resources */,
				2D803F591654B05C00A56730 /* FormatBullets@2x.png in Resources */,
				2D803F5A1654B05C00A56730 /* Heart.png in Resources */,
				2D803F5B1654B05C00A56730 /* Heart@2x.png in Resources */,
				2D803F5C1654B05C00A56730 /* Information.png in Resources */,
				2D803F5D1654B05C00A56730 /* Information@2x.png in Resources */,
				2D7CC0D9165611A10011BE20 /* douou.csv in Resources */,
			);
			runOnlyForDeploymentPostprocessing = 0;
		};
/* End PBXResourcesBuildPhase section */

/* Begin PBXSourcesBuildPhase section */
		F54ED6321633B77400F0ED00 /* Sources */ = {
			isa = PBXSourcesBuildPhase;
			buildActionMask = 2147483647;
			files = (
				F54ED6471633B77400F0ED00 /* main.m in Sources */,
				F54ED64B1633B77400F0ED00 /* AppDelegate.m in Sources */,
				F54ED6711633B84D00F0ED00 /* AreaListViewController.m in Sources */,
				F54ED6761633B91800F0ED00 /* SnotterTweetListViewController.m in Sources */,
				F54ED67B1633B99000F0ED00 /* FavoriteListViewController.m in Sources */,
				F54ED6801633BAA900F0ED00 /* OfficialTweetListViewController.m in Sources */,
				F54ED6851633BD3100F0ED00 /* TimeLineViewController.m in Sources */,
				F54ED68B1633BFFE00F0ED00 /* SettingViewController.m in Sources */,
				F54ED68F1633D23100F0ED00 /* TwitterManager.m in Sources */,
				F54ED6931633DAD500F0ED00 /* TwitterAccountsViewController.m in Sources */,
				F54ED69F1633E03A00F0ED00 /* TweetStatus.m in Sources */,
				F54ED6AA16340F7F00F0ED00 /* TweetCell.m in Sources */,
				F54ED6B516341AB700F0ED00 /* UIAsyncImageView.m in Sources */,
				F54ED6B816341AD200F0ED00 /* ImageCache.m in Sources */,
				F54ED6BF163429A900F0ED00 /* ListsViewController.m in Sources */,
				F56936ED163982FD001B7067 /* EGORefreshTableHeaderView.m in Sources */,
				F5F33302163D730A00C205E9 /* TweetViewController.m in Sources */,
				F5954FCE16462296006F4D69 /* WebBrowserViewController.m in Sources */,
				F5954FD7164624C6006F4D69 /* SVProgressHUD.m in Sources */,
				F5954FDD16464246006F4D69 /* SearchViewController.m in Sources */,
				F5955028164658E8006F4D69 /* Gelande.m in Sources */,
				F595502C16466E75006F4D69 /* GelandeListViewController.m in Sources */,
				F59550311646722A006F4D69 /* GelandeTweetViewController.m in Sources */,
				F595503616467D06006F4D69 /* GelandeMapViewController.m in Sources */,
				2D435777165345B200CE7523 /* NetworkActivityManager.m in Sources */,
			);
			runOnlyForDeploymentPostprocessing = 0;
		};
/* End PBXSourcesBuildPhase section */

/* Begin PBXVariantGroup section */
		F54ED6431633B77400F0ED00 /* InfoPlist.strings */ = {
			isa = PBXVariantGroup;
			children = (
				F54ED6441633B77400F0ED00 /* en */,
			);
			name = InfoPlist.strings;
			sourceTree = "<group>";
		};
/* End PBXVariantGroup section */

/* Begin XCBuildConfiguration section */
		F54ED6661633B77400F0ED00 /* Debug */ = {
			isa = XCBuildConfiguration;
			buildSettings = {
				ALWAYS_SEARCH_USER_PATHS = NO;
				CLANG_CXX_LANGUAGE_STANDARD = "gnu++0x";
				CLANG_CXX_LIBRARY = "libc++";
				CLANG_ENABLE_OBJC_ARC = YES;
				CLANG_WARN_EMPTY_BODY = YES;
				CLANG_WARN__DUPLICATE_METHOD_MATCH = YES;
				"CODE_SIGN_IDENTITY[sdk=iphoneos*]" = "iPhone Developer";
				COPY_PHASE_STRIP = NO;
				GCC_C_LANGUAGE_STANDARD = gnu99;
				GCC_DYNAMIC_NO_PIC = NO;
				GCC_OPTIMIZATION_LEVEL = 0;
				GCC_PREPROCESSOR_DEFINITIONS = (
					"DEBUG=1",
					"$(inherited)",
				);
				GCC_SYMBOLS_PRIVATE_EXTERN = NO;
				GCC_WARN_ABOUT_RETURN_TYPE = YES;
				GCC_WARN_UNINITIALIZED_AUTOS = YES;
				GCC_WARN_UNUSED_VARIABLE = YES;
				IPHONEOS_DEPLOYMENT_TARGET = 5.1;
				"PROVISIONING_PROFILE[sdk=iphoneos*]" = "";
				SDKROOT = iphoneos;
				VALID_ARCHS = armv7;
			};
			name = Debug;
		};
		F54ED6671633B77400F0ED00 /* Release */ = {
			isa = XCBuildConfiguration;
			buildSettings = {
				ALWAYS_SEARCH_USER_PATHS = NO;
				CLANG_CXX_LANGUAGE_STANDARD = "gnu++0x";
				CLANG_CXX_LIBRARY = "libc++";
				CLANG_ENABLE_OBJC_ARC = YES;
				CLANG_WARN_EMPTY_BODY = YES;
				CLANG_WARN__DUPLICATE_METHOD_MATCH = YES;
				"CODE_SIGN_IDENTITY[sdk=iphoneos*]" = "iPhone Distribution: Hiroki Matsuse";
				COPY_PHASE_STRIP = YES;
				GCC_C_LANGUAGE_STANDARD = gnu99;
				GCC_WARN_ABOUT_RETURN_TYPE = YES;
				GCC_WARN_UNINITIALIZED_AUTOS = YES;
				GCC_WARN_UNUSED_VARIABLE = YES;
				IPHONEOS_DEPLOYMENT_TARGET = 5.1;
				OTHER_CFLAGS = "-DNS_BLOCK_ASSERTIONS=1";
				"PROVISIONING_PROFILE[sdk=iphoneos*]" = "47DE01F5-7869-48B4-B302-6B8D630C9C71";
				SDKROOT = iphoneos;
				VALIDATE_PRODUCT = YES;
				VALID_ARCHS = armv7;
			};
			name = Release;
		};
		F54ED6691633B77400F0ED00 /* Debug */ = {
			isa = XCBuildConfiguration;
			buildSettings = {
				GCC_PRECOMPILE_PREFIX_HEADER = YES;
				GCC_PREFIX_HEADER = "Snotter/Snotter-Prefix.pch";
				INFOPLIST_FILE = "Snotter/Snotter-Info.plist";
				LIBRARY_SEARCH_PATHS = (
					"$(inherited)",
					"\"$(SRCROOT)/Snotter/Analytics\"",
					"\"$(SRCROOT)/NendAd\"",
				);
				PRODUCT_NAME = "$(TARGET_NAME)";
				WRAPPER_EXTENSION = app;
			};
			name = Debug;
		};
		F54ED66A1633B77400F0ED00 /* Release */ = {
			isa = XCBuildConfiguration;
			buildSettings = {
				GCC_PRECOMPILE_PREFIX_HEADER = YES;
				GCC_PREFIX_HEADER = "Snotter/Snotter-Prefix.pch";
				INFOPLIST_FILE = "Snotter/Snotter-Info.plist";
				LIBRARY_SEARCH_PATHS = (
					"$(inherited)",
					"\"$(SRCROOT)/Snotter/Analytics\"",
					"\"$(SRCROOT)/NendAd\"",
				);
				PRODUCT_NAME = "$(TARGET_NAME)";
				WRAPPER_EXTENSION = app;
			};
			name = Release;
		};
/* End XCBuildConfiguration section */

/* Begin XCConfigurationList section */
		F54ED6301633B77400F0ED00 /* Build configuration list for PBXProject "Snotter" */ = {
			isa = XCConfigurationList;
			buildConfigurations = (
				F54ED6661633B77400F0ED00 /* Debug */,
				F54ED6671633B77400F0ED00 /* Release */,
			);
			defaultConfigurationIsVisible = 0;
			defaultConfigurationName = Release;
		};
		F54ED6681633B77400F0ED00 /* Build configuration list for PBXNativeTarget "Snotter" */ = {
			isa = XCConfigurationList;
			buildConfigurations = (
				F54ED6691633B77400F0ED00 /* Debug */,
				F54ED66A1633B77400F0ED00 /* Release */,
			);
			defaultConfigurationIsVisible = 0;
			defaultConfigurationName = Release;
		};
/* End XCConfigurationList section */
	};
	rootObject = F54ED62D1633B77400F0ED00 /* Project object */;
}
